
Microsoft Visual Studio Solution File, Format Version 12.00
# Visual Studio Version 17
VisualStudioVersion = 17.0.32014.148
MinimumVisualStudioVersion = 10.0.40219.1
Project("{FAE04EC0-301F-11D3-BF4B-00C04F79EFBC}") = "TestTask.Creatio.Tests.Integration", "TestTask.Creatio.Tests.Integration\TestTask.Creatio.Tests.Integration.csproj", "{54E6005E-EE1D-480B-A8A3-68B52472C4A4}"
EndProject
Project("{FAE04EC0-301F-11D3-BF4B-00C04F79EFBC}") = "TestTask.Creatio.Tests.Integration.Clients", "TestTask.Creatio.Tests.Integration.Clients\TestTask.Creatio.Tests.Integration.Clients.csproj", "{38832F75-9C4A-458E-B8A3-40D367EED9A8}"
EndProject
Project("{FAE04EC0-301F-11D3-BF4B-00C04F79EFBC}") = "TestTask.Creatio.Tests.Integration.Domain", "TestTask.Creatio.Tests.Integration.Domain\TestTask.Creatio.Tests.Integration.Domain.csproj", "{37F64799-DECB-47C8-9624-3254F91A598E}"
EndProject
Global
	GlobalSection(SolutionConfigurationPlatforms) = preSolution
		Debug|Any CPU = Debug|Any CPU
		Release|Any CPU = Release|Any CPU
	EndGlobalSection
	GlobalSection(ProjectConfigurationPlatforms) = postSolution
		{54E6005E-EE1D-480B-A8A3-68B52472C4A4}.Debug|Any CPU.ActiveCfg = Debug|Any CPU
		{54E6005E-EE1D-480B-A8A3-68B52472C4A4}.Debug|Any CPU.Build.0 = Debug|Any CPU
		{54E6005E-EE1D-480B-A8A3-68B52472C4A4}.Release|Any CPU.ActiveCfg = Release|Any CPU
		{54E6005E-EE1D-480B-A8A3-68B52472C4A4}.Release|Any CPU.Build.0 = Release|Any CPU
		{38832F75-9C4A-458E-B8A3-40D367EED9A8}.Debug|Any CPU.ActiveCfg = Debug|Any CPU
		{38832F75-9C4A-458E-B8A3-40D367EED9A8}.Debug|Any CPU.Build.0 = Debug|Any CPU
		{38832F75-9C4A-458E-B8A3-40D367EED9A8}.Release|Any CPU.ActiveCfg = Release|Any CPU
		{38832F75-9C4A-458E-B8A3-40D367EED9A8}.Release|Any CPU.Build.0 = Release|Any CPU
		{37F64799-DECB-47C8-9624-3254F91A598E}.Debug|Any CPU.ActiveCfg = Debug|Any CPU
		{37F64799-DECB-47C8-9624-3254F91A598E}.Debug|Any CPU.Build.0 = Debug|Any CPU
		{37F64799-DECB-47C8-9624-3254F91A598E}.Release|Any CPU.ActiveCfg = Release|Any CPU
		{37F64799-DECB-47C8-9624-3254F91A598E}.Release|Any CPU.Build.0 = Release|Any CPU
	EndGlobalSection
	GlobalSection(SolutionProperties) = preSolution
		HideSolutionNode = FALSE
	EndGlobalSection
	GlobalSection(ExtensibilityGlobals) = postSolution
		SolutionGuid = {23071ACA-BD54-4B0B-B936-60C052524B05}
	EndGlobalSection
EndGlobal
